// !$*UTF8*$!
{
	archiveVersion = 1;
	classes = {
	};
	objectVersion = 55;
	objects = {

/* Begin PBXBuildFile section */
		75ABEBA3DC7314B8FBCFFF54 /* Pods_JSON_To_TableView_Demo_tem.framework in Frameworks */ = {isa = PBXBuildFile; fileRef = 39A2AC6B8CD362FEA53AE124 /* Pods_JSON_To_TableView_Demo_tem.framework */; };
		99355FF7272A5BB200558322 /* Request.swift in Sources */ = {isa = PBXBuildFile; fileRef = 99355FF6272A5BB200558322 /* Request.swift */; };
		99355FF9272A5BC900558322 /* Response.swift in Sources */ = {isa = PBXBuildFile; fileRef = 99355FF8272A5BC900558322 /* Response.swift */; };
		99355FFF272A76E900558322 /* global.swift in Sources */ = {isa = PBXBuildFile; fileRef = 99355FFE272A76E900558322 /* global.swift */; };
		99356002272BAB0400558322 /* DemoTableViewCell.swift in Sources */ = {isa = PBXBuildFile; fileRef = 99356000272BAB0400558322 /* DemoTableViewCell.swift */; };
		99356003272BAB0400558322 /* DemoTableViewCell.xib in Resources */ = {isa = PBXBuildFile; fileRef = 99356001272BAB0400558322 /* DemoTableViewCell.xib */; };
		9959414A271EEEDE0011BB66 /* AppDelegate.swift in Sources */ = {isa = PBXBuildFile; fileRef = 99594149271EEEDE0011BB66 /* AppDelegate.swift */; };
		9959414C271EEEDE0011BB66 /* SceneDelegate.swift in Sources */ = {isa = PBXBuildFile; fileRef = 9959414B271EEEDE0011BB66 /* SceneDelegate.swift */; };
		9959414E271EEEDE0011BB66 /* ViewController.swift in Sources */ = {isa = PBXBuildFile; fileRef = 9959414D271EEEDE0011BB66 /* ViewController.swift */; };
		99594151271EEEDE0011BB66 /* Main.storyboard in Resources */ = {isa = PBXBuildFile; fileRef = 9959414F271EEEDE0011BB66 /* Main.storyboard */; };
		99594153271EEEE00011BB66 /* Assets.xcassets in Resources */ = {isa = PBXBuildFile; fileRef = 99594152271EEEE00011BB66 /* Assets.xcassets */; };
		99594156271EEEE00011BB66 /* LaunchScreen.storyboard in Resources */ = {isa = PBXBuildFile; fileRef = 99594154271EEEE00011BB66 /* LaunchScreen.storyboard */; };
/* End PBXBuildFile section */

/* Begin PBXFileReference section */
		39A2AC6B8CD362FEA53AE124 /* Pods_JSON_To_TableView_Demo_tem.framework */ = {isa = PBXFileReference; explicitFileType = wrapper.framework; includeInIndex = 0; path = Pods_JSON_To_TableView_Demo_tem.framework; sourceTree = BUILT_PRODUCTS_DIR; };
		4D67E0D29CD430C4338E6332 /* Pods-JSON To TableView_Demo_tem.debug.xcconfig */ = {isa = PBXFileReference; includeInIndex = 1; lastKnownFileType = text.xcconfig; name = "Pods-JSON To TableView_Demo_tem.debug.xcconfig"; path = "Target Support Files/Pods-JSON To TableView_Demo_tem/Pods-JSON To TableView_Demo_tem.debug.xcconfig"; sourceTree = "<group>"; };
		99355FF6272A5BB200558322 /* Request.swift */ = {isa = PBXFileReference; lastKnownFileType = sourcecode.swift; path = Request.swift; sourceTree = "<group>"; };
		99355FF8272A5BC900558322 /* Response.swift */ = {isa = PBXFileReference; lastKnownFileType = sourcecode.swift; path = Response.swift; sourceTree = "<group>"; };
		99355FFE272A76E900558322 /* global.swift */ = {isa = PBXFileReference; lastKnownFileType = sourcecode.swift; path = global.swift; sourceTree = "<group>"; };
		99356000272BAB0400558322 /* DemoTableViewCell.swift */ = {isa = PBXFileReference; lastKnownFileType = sourcecode.swift; path = DemoTableViewCell.swift; sourceTree = "<group>"; };
		99356001272BAB0400558322 /* DemoTableViewCell.xib */ = {isa = PBXFileReference; lastKnownFileType = file.xib; path = DemoTableViewCell.xib; sourceTree = "<group>"; };
		99356004272BAC6700558322 /* README.md */ = {isa = PBXFileReference; lastKnownFileType = net.daringfireball.markdown; path = README.md; sourceTree = "<group>"; };
		99594146271EEEDE0011BB66 /* JSON To TableView_Demo_tem.app */ = {isa = PBXFileReference; explicitFileType = wrapper.application; includeInIndex = 0; path = "JSON To TableView_Demo_tem.app"; sourceTree = BUILT_PRODUCTS_DIR; };
		99594149271EEEDE0011BB66 /* AppDelegate.swift */ = {isa = PBXFileReference; lastKnownFileType = sourcecode.swift; path = AppDelegate.swift; sourceTree = "<group>"; };
		9959414B271EEEDE0011BB66 /* SceneDelegate.swift */ = {isa = PBXFileReference; lastKnownFileType = sourcecode.swift; path = SceneDelegate.swift; sourceTree = "<group>"; };
		9959414D271EEEDE0011BB66 /* ViewController.swift */ = {isa = PBXFileReference; lastKnownFileType = sourcecode.swift; path = ViewController.swift; sourceTree = "<group>"; };
		99594150271EEEDE0011BB66 /* Base */ = {isa = PBXFileReference; lastKnownFileType = file.storyboard; name = Base; path = Base.lproj/Main.storyboard; sourceTree = "<group>"; };
		99594152271EEEE00011BB66 /* Assets.xcassets */ = {isa = PBXFileReference; lastKnownFileType = folder.assetcatalog; path = Assets.xcassets; sourceTree = "<group>"; };
		99594155271EEEE00011BB66 /* Base */ = {isa = PBXFileReference; lastKnownFileType = file.storyboard; name = Base; path = Base.lproj/LaunchScreen.storyboard; sourceTree = "<group>"; };
		99594157271EEEE00011BB66 /* Info.plist */ = {isa = PBXFileReference; lastKnownFileType = text.plist.xml; path = Info.plist; sourceTree = "<group>"; };
		AC4937FB3B287504A88C20E4 /* Pods-JSON To TableView_Demo_tem.release.xcconfig */ = {isa = PBXFileReference; includeInIndex = 1; lastKnownFileType = text.xcconfig; name = "Pods-JSON To TableView_Demo_tem.release.xcconfig"; path = "Target Support Files/Pods-JSON To TableView_Demo_tem/Pods-JSON To TableView_Demo_tem.release.xcconfig"; sourceTree = "<group>"; };
/* End PBXFileReference section */

/* Begin PBXFrameworksBuildPhase section */
		99594143271EEEDE0011BB66 /* Frameworks */ = {
			isa = PBXFrameworksBuildPhase;
			buildActionMask = 2147483647;
			files = (
				75ABEBA3DC7314B8FBCFFF54 /* Pods_JSON_To_TableView_Demo_tem.framework in Frameworks */,
			);
			runOnlyForDeploymentPostprocessing = 0;
		};
/* End PBXFrameworksBuildPhase section */

/* Begin PBXGroup section */
		0D6E0E45BD85379ECF93CC00 /* Pods */ = {
			isa = PBXGroup;
			children = (
				4D67E0D29CD430C4338E6332 /* Pods-JSON To TableView_Demo_tem.debug.xcconfig */,
				AC4937FB3B287504A88C20E4 /* Pods-JSON To TableView_Demo_tem.release.xcconfig */,
			);
			path = Pods;
			sourceTree = "<group>";
		};
		7BE22FF3799375B4227051F0 /* Frameworks */ = {
			isa = PBXGroup;
			children = (
				39A2AC6B8CD362FEA53AE124 /* Pods_JSON_To_TableView_Demo_tem.framework */,
			);
			name = Frameworks;
			sourceTree = "<group>";
		};
		99355FF4272A5B9600558322 /* Response */ = {
			isa = PBXGroup;
			children = (
				99355FF8272A5BC900558322 /* Response.swift */,
			);
			path = Response;
			sourceTree = "<group>";
		};
		99355FF5272A5B9F00558322 /* Request */ = {
			isa = PBXGroup;
			children = (
				99355FF6272A5BB200558322 /* Request.swift */,
			);
			path = Request;
			sourceTree = "<group>";
		};
		9959413D271EEEDE0011BB66 = {
			isa = PBXGroup;
			children = (
				99594148271EEEDE0011BB66 /* JSON To TableView_Demo_tem */,
				99594147271EEEDE0011BB66 /* Products */,
				0D6E0E45BD85379ECF93CC00 /* Pods */,
				7BE22FF3799375B4227051F0 /* Frameworks */,
			);
			sourceTree = "<group>";
		};
		99594147271EEEDE0011BB66 /* Products */ = {
			isa = PBXGroup;
			children = (
				99594146271EEEDE0011BB66 /* JSON To TableView_Demo_tem.app */,
			);
			name = Products;
			sourceTree = "<group>";
		};
		99594148271EEEDE0011BB66 /* JSON To TableView_Demo_tem */ = {
			isa = PBXGroup;
			children = (
				99355FF5272A5B9F00558322 /* Request */,
				99355FF4272A5B9600558322 /* Response */,
				99594149271EEEDE0011BB66 /* AppDelegate.swift */,
				9959414B271EEEDE0011BB66 /* SceneDelegate.swift */,
				9959414D271EEEDE0011BB66 /* ViewController.swift */,
				9959414F271EEEDE0011BB66 /* Main.storyboard */,
				99594152271EEEE00011BB66 /* Assets.xcassets */,
				99594154271EEEE00011BB66 /* LaunchScreen.storyboard */,
				99594157271EEEE00011BB66 /* Info.plist */,
				99355FFE272A76E900558322 /* global.swift */,
				99356000272BAB0400558322 /* DemoTableViewCell.swift */,
				99356001272BAB0400558322 /* DemoTableViewCell.xib */,
				99356004272BAC6700558322 /* README.md */,
			);
			path = "JSON To TableView_Demo_tem";
			sourceTree = "<group>";
		};
/* End PBXGroup section */

/* Begin PBXNativeTarget section */
		99594145271EEEDE0011BB66 /* JSON To TableView_Demo_tem */ = {
			isa = PBXNativeTarget;
			buildConfigurationList = 9959415A271EEEE00011BB66 /* Build configuration list for PBXNativeTarget "JSON To TableView_Demo_tem" */;
			buildPhases = (
				21E19EEBF6DAB56E0658691A /* [CP] Check Pods Manifest.lock */,
				99594142271EEEDE0011BB66 /* Sources */,
				99594143271EEEDE0011BB66 /* Frameworks */,
				99594144271EEEDE0011BB66 /* Resources */,
				AC8F36B694F35235E6A35C76 /* [CP] Embed Pods Frameworks */,
			);
			buildRules = (
			);
			dependencies = (
			);
			name = "JSON To TableView_Demo_tem";
			productName = "JSON To TableView_Demo_tem";
			productReference = 99594146271EEEDE0011BB66 /* JSON To TableView_Demo_tem.app */;
			productType = "com.apple.product-type.application";
		};
/* End PBXNativeTarget section */

/* Begin PBXProject section */
		9959413E271EEEDE0011BB66 /* Project object */ = {
			isa = PBXProject;
			attributes = {
				BuildIndependentTargetsInParallel = 1;
				LastSwiftUpdateCheck = 1300;
				LastUpgradeCheck = 1300;
				TargetAttributes = {
					99594145271EEEDE0011BB66 = {
						CreatedOnToolsVersion = 13.0;
					};
				};
			};
			buildConfigurationList = 99594141271EEEDE0011BB66 /* Build configuration list for PBXProject "JSON To TableView_Demo_tem" */;
			compatibilityVersion = "Xcode 13.0";
			developmentRegion = en;
			hasScannedForEncodings = 0;
			knownRegions = (
				en,
				Base,
			);
			mainGroup = 9959413D271EEEDE0011BB66;
			productRefGroup = 99594147271EEEDE0011BB66 /* Products */;
			projectDirPath = "";
			projectRoot = "";
			targets = (
				99594145271EEEDE0011BB66 /* JSON To TableView_Demo_tem */,
			);
		};
/* End PBXProject section */

/* Begin PBXResourcesBuildPhase section */
		99594144271EEEDE0011BB66 /* Resources */ = {
			isa = PBXResourcesBuildPhase;
			buildActionMask = 2147483647;
			files = (
				99594156271EEEE00011BB66 /* LaunchScreen.storyboard in Resources */,
				99594153271EEEE00011BB66 /* Assets.xcassets in Resources */,
				99356003272BAB0400558322 /* DemoTableViewCell.xib in Resources */,
				99594151271EEEDE0011BB66 /* Main.storyboard in Resources */,
			);
			runOnlyForDeploymentPostprocessing = 0;
		};
/* End PBXResourcesBuildPhase section */

/* Begin PBXShellScriptBuildPhase section */
		21E19EEBF6DAB56E0658691A /* [CP] Check Pods Manifest.lock */ = {
			isa = PBXShellScriptBuildPhase;
			buildActionMask = 2147483647;
			files = (
			);
			inputFileListPaths = (
			);
			inputPaths = (
				"${PODS_PODFILE_DIR_PATH}/Podfile.lock",
				"${PODS_ROOT}/Manifest.lock",
			);
			name = "[CP] Check Pods Manifest.lock";
			outputFileListPaths = (
			);
			outputPaths = (
				"$(DERIVED_FILE_DIR)/Pods-JSON To TableView_Demo_tem-checkManifestLockResult.txt",
			);
			runOnlyForDeploymentPostprocessing = 0;
			shellPath = /bin/sh;
			shellScript = "diff \"${PODS_PODFILE_DIR_PATH}/Podfile.lock\" \"${PODS_ROOT}/Manifest.lock\" > /dev/null\nif [ $? != 0 ] ; then\n    # print error to STDERR\n    echo \"error: The sandbox is not in sync with the Podfile.lock. Run 'pod install' or update your CocoaPods installation.\" >&2\n    exit 1\nfi\n# This output is used by Xcode 'outputs' to avoid re-running this script phase.\necho \"SUCCESS\" > \"${SCRIPT_OUTPUT_FILE_0}\"\n";
			showEnvVarsInLog = 0;
		};
		AC8F36B694F35235E6A35C76 /* [CP] Embed Pods Frameworks */ = {
			isa = PBXShellScriptBuildPhase;
			buildActionMask = 2147483647;
			files = (
			);
			inputFileListPaths = (
				"${PODS_ROOT}/Target Support Files/Pods-JSON To TableView_Demo_tem/Pods-JSON To TableView_Demo_tem-frameworks-${CONFIGURATION}-input-files.xcfilelist",
			);
			name = "[CP] Embed Pods Frameworks";
			outputFileListPaths = (
				"${PODS_ROOT}/Target Support Files/Pods-JSON To TableView_Demo_tem/Pods-JSON To TableView_Demo_tem-frameworks-${CONFIGURATION}-output-files.xcfilelist",
			);
			runOnlyForDeploymentPostprocessing = 0;
			shellPath = /bin/sh;
			shellScript = "\"${PODS_ROOT}/Target Support Files/Pods-JSON To TableView_Demo_tem/Pods-JSON To TableView_Demo_tem-frameworks.sh\"\n";
			showEnvVarsInLog = 0;
		};
/* End PBXShellScriptBuildPhase section */

/* Begin PBXSourcesBuildPhase section */
		99594142271EEEDE0011BB66 /* Sources */ = {
			isa = PBXSourcesBuildPhase;
			buildActionMask = 2147483647;
			files = (
				99355FFF272A76E900558322 /* global.swift in Sources */,
				9959414E271EEEDE0011BB66 /* ViewController.swift in Sources */,
				99356002272BAB0400558322 /* DemoTableViewCell.swift in Sources */,
				9959414A271EEEDE0011BB66 /* AppDelegate.swift in Sources */,
				9959414C271EEEDE0011BB66 /* SceneDelegate.swift in Sources */,
				99355FF7272A5BB200558322 /* Request.swift in Sources */,
				99355FF9272A5BC900558322 /* Response.swift in Sources */,
			);
			runOnlyForDeploymentPostprocessing = 0;
		};
/* End PBXSourcesBuildPhase section */

/* Begin PBXVariantGroup section */
		9959414F271EEEDE0011BB66 /* Main.storyboard */ = {
			isa = PBXVariantGroup;
			children = (
				99594150271EEEDE0011BB66 /* Base */,
			);
			name = Main.storyboard;
			sourceTree = "<group>";
		};
		99594154271EEEE00011BB66 /* LaunchScreen.storyboard */ = {
			isa = PBXVariantGroup;
			children = (
				99594155271EEEE00011BB66 /* Base */,
			);
			name = LaunchScreen.storyboard;
			sourceTree = "<group>";
		};
/* End PBXVariantGroup section */

/* Begin XCBuildConfiguration section */
		99594158271EEEE00011BB66 /* Debug */ = {
			isa = XCBuildConfiguration;
			buildSettings = {
				ALWAYS_SEARCH_USER_PATHS = NO;
				CLANG_ANALYZER_NONNULL = YES;
				CLANG_ANALYZER_NUMBER_OBJECT_CONVERSION = YES_AGGRESSIVE;
				CLANG_CXX_LANGUAGE_STANDARD = "gnu++17";
				CLANG_CXX_LIBRARY = "libc++";
				CLANG_ENABLE_MODULES = YES;
				CLANG_ENABLE_OBJC_ARC = YES;
				CLANG_ENABLE_OBJC_WEAK = YES;
				CLANG_WARN_BLOCK_CAPTURE_AUTORELEASING = YES;
				CLANG_WARN_BOOL_CONVERSION = YES;
				CLANG_WARN_COMMA = YES;
				CLANG_WARN_CONSTANT_CONVERSION = YES;
				CLANG_WARN_DEPRECATED_OBJC_IMPLEMENTATIONS = YES;
				CLANG_WARN_DIRECT_OBJC_ISA_USAGE = YES_ERROR;
				CLANG_WARN_DOCUMENTATION_COMMENTS = YES;
				CLANG_WARN_EMPTY_BODY = YES;
				CLANG_WARN_ENUM_CONVERSION = YES;
				CLANG_WARN_INFINITE_RECURSION = YES;
				CLANG_WARN_INT_CONVERSION = YES;
				CLANG_WARN_NON_LITERAL_NULL_CONVERSION = YES;
				CLANG_WARN_OBJC_IMPLICIT_RETAIN_SELF = YES;
				CLANG_WARN_OBJC_LITERAL_CONVERSION = YES;
				CLANG_WARN_OBJC_ROOT_CLASS = YES_ERROR;
				CLANG_WARN_QUOTED_INCLUDE_IN_FRAMEWORK_HEADER = YES;
				CLANG_WARN_RANGE_LOOP_ANALYSIS = YES;
				CLANG_WARN_STRICT_PROTOTYPES = YES;
				CLANG_WARN_SUSPICIOUS_MOVE = YES;
				CLANG_WARN_UNGUARDED_AVAILABILITY = YES_AGGRESSIVE;
				CLANG_WARN_UNREACHABLE_CODE = YES;
				CLANG_WARN__DUPLICATE_METHOD_MATCH = YES;
				COPY_PHASE_STRIP = NO;
				DEBUG_INFORMATION_FORMAT = dwarf;
				ENABLE_STRICT_OBJC_MSGSEND = YES;
				ENABLE_TESTABILITY = YES;
				GCC_C_LANGUAGE_STANDARD = gnu11;
				GCC_DYNAMIC_NO_PIC = NO;
				GCC_NO_COMMON_BLOCKS = YES;
				GCC_OPTIMIZATION_LEVEL = 0;
				GCC_PREPROCESSOR_DEFINITIONS = (
					"DEBUG=1",
					"$(inherited)",
				);
				GCC_WARN_64_TO_32_BIT_CONVERSION = YES;
				GCC_WARN_ABOUT_RETURN_TYPE = YES_ERROR;
				GCC_WARN_UNDECLARED_SELECTOR = YES;
				GCC_WARN_UNINITIALIZED_AUTOS = YES_AGGRESSIVE;
				GCC_WARN_UNUSED_FUNCTION = YES;
				GCC_WARN_UNUSED_VARIABLE = YES;
				IPHONEOS_DEPLOYMENT_TARGET = 15.0;
				MTL_ENABLE_DEBUG_INFO = INCLUDE_SOURCE;
				MTL_FAST_MATH = YES;
				ONLY_ACTIVE_ARCH = YES;
				SDKROOT = iphoneos;
				SWIFT_ACTIVE_COMPILATION_CONDITIONS = DEBUG;
				SWIFT_OPTIMIZATION_LEVEL = "-Onone";
			};
			name = Debug;
		};
		99594159271EEEE00011BB66 /* Release */ = {
			isa = XCBuildConfiguration;
			buildSettings = {
				ALWAYS_SEARCH_USER_PATHS = NO;
				CLANG_ANALYZER_NONNULL = YES;
				CLANG_ANALYZER_NUMBER_OBJECT_CONVERSION = YES_AGGRESSIVE;
				CLANG_CXX_LANGUAGE_STANDARD = "gnu++17";
				CLANG_CXX_LIBRARY = "libc++";
				CLANG_ENABLE_MODULES = YES;
				CLANG_ENABLE_OBJC_ARC = YES;
				CLANG_ENABLE_OBJC_WEAK = YES;
				CLANG_WARN_BLOCK_CAPTURE_AUTORELEASING = YES;
				CLANG_WARN_BOOL_CONVERSION = YES;
				CLANG_WARN_COMMA = YES;
				CLANG_WARN_CONSTANT_CONVERSION = YES;
				CLANG_WARN_DEPRECATED_OBJC_IMPLEMENTATIONS = YES;
				CLANG_WARN_DIRECT_OBJC_ISA_USAGE = YES_ERROR;
				CLANG_WARN_DOCUMENTATION_COMMENTS = YES;
				CLANG_WARN_EMPTY_BODY = YES;
				CLANG_WARN_ENUM_CONVERSION = YES;
				CLANG_WARN_INFINITE_RECURSION = YES;
				CLANG_WARN_INT_CONVERSION = YES;
				CLANG_WARN_NON_LITERAL_NULL_CONVERSION = YES;
				CLANG_WARN_OBJC_IMPLICIT_RETAIN_SELF = YES;
				CLANG_WARN_OBJC_LITERAL_CONVERSION = YES;
				CLANG_WARN_OBJC_ROOT_CLASS = YES_ERROR;
				CLANG_WARN_QUOTED_INCLUDE_IN_FRAMEWORK_HEADER = YES;
				CLANG_WARN_RANGE_LOOP_ANALYSIS = YES;
				CLANG_WARN_STRICT_PROTOTYPES = YES;
				CLANG_WARN_SUSPICIOUS_MOVE = YES;
				CLANG_WARN_UNGUARDED_AVAILABILITY = YES_AGGRESSIVE;
				CLANG_WARN_UNREACHABLE_CODE = YES;
				CLANG_WARN__DUPLICATE_METHOD_MATCH = YES;
				COPY_PHASE_STRIP = NO;
				DEBUG_INFORMATION_FORMAT = "dwarf-with-dsym";
				ENABLE_NS_ASSERTIONS = NO;
				ENABLE_STRICT_OBJC_MSGSEND = YES;
				GCC_C_LANGUAGE_STANDARD = gnu11;
				GCC_NO_COMMON_BLOCKS = YES;
				GCC_WARN_64_TO_32_BIT_CONVERSION = YES;
				GCC_WARN_ABOUT_RETURN_TYPE = YES_ERROR;
				GCC_WARN_UNDECLARED_SELECTOR = YES;
				GCC_WARN_UNINITIALIZED_AUTOS = YES_AGGRESSIVE;
				GCC_WARN_UNUSED_FUNCTION = YES;
				GCC_WARN_UNUSED_VARIABLE = YES;
				IPHONEOS_DEPLOYMENT_TARGET = 15.0;
				MTL_ENABLE_DEBUG_INFO = NO;
				MTL_FAST_MATH = YES;
				SDKROOT = iphoneos;
				SWIFT_COMPILATION_MODE = wholemodule;
				SWIFT_OPTIMIZATION_LEVEL = "-O";
				VALIDATE_PRODUCT = YES;
			};
			name = Release;
		};
		9959415B271EEEE00011BB66 /* Debug */ = {
			isa = XCBuildConfiguration;
			baseConfigurationReference = 4D67E0D29CD430C4338E6332 /* Pods-JSON To TableView_Demo_tem.debug.xcconfig */;
			buildSettings = {
				ASSETCATALOG_COMPILER_APPICON_NAME = AppIcon;
				ASSETCATALOG_COMPILER_GLOBAL_ACCENT_COLOR_NAME = AccentColor;
				CODE_SIGN_STYLE = Automatic;
				CURRENT_PROJECT_VERSION = 1;
				DEVELOPMENT_TEAM = JXFMRW69P3;
				GENERATE_INFOPLIST_FILE = YES;
				INFOPLIST_FILE = "JSON To TableView_Demo_tem/Info.plist";
				INFOPLIST_KEY_UIApplicationSupportsIndirectInputEvents = YES;
				INFOPLIST_KEY_UILaunchStoryboardName = LaunchScreen;
				INFOPLIST_KEY_UIMainStoryboardFile = Main;
				INFOPLIST_KEY_UISupportedInterfaceOrientations_iPad = "UIInterfaceOrientationPortrait UIInterfaceOrientationPortraitUpsideDown UIInterfaceOrientationLandscapeLeft UIInterfaceOrientationLandscapeRight";
				INFOPLIST_KEY_UISupportedInterfaceOrientations_iPhone = "UIInterfaceOrientationPortrait UIInterfaceOrientationLandscapeLeft UIInterfaceOrientationLandscapeRight";
				LD_RUNPATH_SEARCH_PATHS = (
					"$(inherited)",
					"@executable_path/Frameworks",
				);
				MARKETING_VERSION = 1.0;
				PRODUCT_BUNDLE_IDENTIFIER = "iOSoo.JSON-To-TableView-Demo-tem";
				PRODUCT_NAME = "$(TARGET_NAME)";
				SWIFT_EMIT_LOC_STRINGS = YES;
				SWIFT_VERSION = 5.0;
				TARGETED_DEVICE_FAMILY = "1,2";
			};
			name = Debug;
		};
		9959415C271EEEE00011BB66 /* Release */ = {
			isa = XCBuildConfiguration;
			baseConfigurationReference = AC4937FB3B287504A88C20E4 /* Pods-JSON To TableView_Demo_tem.release.xcconfig */;
			buildSettings = {
				ASSETCATALOG_COMPILER_APPICON_NAME = AppIcon;
				ASSETCATALOG_COMPILER_GLOBAL_ACCENT_COLOR_NAME = AccentColor;
				CODE_SIGN_STYLE = Automatic;
				CURRENT_PROJECT_VERSION = 1;
				DEVELOPMENT_TEAM = JXFMRW69P3;
				GENERATE_INFOPLIST_FILE = YES;
				INFOPLIST_FILE = "JSON To TableView_Demo_tem/Info.plist";
				INFOPLIST_KEY_UIApplicationSupportsIndirectInputEvents = YES;
				INFOPLIST_KEY_UILaunchStoryboardName = LaunchScreen;
				INFOPLIST_KEY_UIMainStoryboardFile = Main;
				INFOPLIST_KEY_UISupportedInterfaceOrientations_iPad = "UIInterfaceOrientationPortrait UIInterfaceOrientationPortraitUpsideDown UIInterfaceOrientationLandscapeLeft UIInterfaceOrientationLandscapeRight";
				INFOPLIST_KEY_UISupportedInterfaceOrientations_iPhone = "UIInterfaceOrientationPortrait UIInterfaceOrientationLandscapeLeft UIInterfaceOrientationLandscapeRight";
				LD_RUNPATH_SEARCH_PATHS = (
					"$(inherited)",
					"@executable_path/Frameworks",
				);
				MARKETING_VERSION = 1.0;
				PRODUCT_BUNDLE_IDENTIFIER = "iOSoo.JSON-To-TableView-Demo-tem";
				PRODUCT_NAME = "$(TARGET_NAME)";
				SWIFT_EMIT_LOC_STRINGS = YES;
				SWIFT_VERSION = 5.0;
				TARGETED_DEVICE_FAMILY = "1,2";
			};
			name = Release;
		};
/* End XCBuildConfiguration section */

/* Begin XCConfigurationList section */
		99594141271EEEDE0011BB66 /* Build configuration list for PBXProject "JSON To TableView_Demo_tem" */ = {
			isa = XCConfigurationList;
			buildConfigurations = (
				99594158271EEEE00011BB66 /* Debug */,
				99594159271EEEE00011BB66 /* Release */,
			);
			defaultConfigurationIsVisible = 0;
			defaultConfigurationName = Release;
		};
		9959415A271EEEE00011BB66 /* Build configuration list for PBXNativeTarget "JSON To TableView_Demo_tem" */ = {
			isa = XCConfigurationList;
			buildConfigurations = (
				9959415B271EEEE00011BB66 /* Debug */,
				9959415C271EEEE00011BB66 /* Release */,
			);
			defaultConfigurationIsVisible = 0;
			defaultConfigurationName = Release;
		};
/* End XCConfigurationList section */
	};
	rootObject = 9959413E271EEEDE0011BB66 /* Project object */;
}
